github.com/davecgh/go-spew v1.1.1 h1:vj9j/u1bqnvCEfJOwUhtlOARqs3+rkHYY13jYWTU97c=
github.com/fzerorubigd/gobgg v0.7.0 h1:DalzLqZGIERzSbxMMJoJWP2pHaMKMNeAKFjOAhOoCn8=
github.com/fzerorubigd/gobgg v0.7.0/go.mod h1:g3iU+ApfpUjWAdmm8yoXpdM7NpgIbvwQDOr7YnjNN1Q=
github.com/jarcoal/httpmock v1.3.0 h1:2RJ8GP0IIaWwcC9Fp2BmVi8Kog3v2Hn7VXM3fTd+nuc=
github.com/pmezard/go-difflib v1.0.0 h1:4DBwDE0NGyQoBHbLQYPwSUPoCMWR5BEzIk/f1lZbAQM=
github.com/stretchr/testify v1.8.4 h1:CcVxjf3Q8PM0mHUKJCdn+eZZtm5yQwehR5yeSVQQcUk=
golang.org/x/net v0.11.0 h1:Gi2tvZIJyBtO9SDr1q9h5hEQCp/4L2RQ+ar0qjx2oNU=
golang.org/x/net v0.11.0/go.mod h1:2L/ixqYpgIVXmeoSA/4Lu7BzTG4KIyPIryS4IsOd1oQ=
gopkg.in/yaml.v3 v3.0.1 h1:fxVm/GzAzEWqLHuvctI91KS9hhNmmWOoWu0XTYJS7CA=
resenje.org/schulze v0.4.2 h1:EIbjRwIIWkwQP4D6ohUltFoBJMTbZ5uw+mHsPXCw+S4=
resenje.org/schulze v0.4.2/go.mod h1:mAYvo2O9bCTvWR8cK5CiFr/cFm7370gzArIlbW3C0MI=
